{
  "version": 1,
  "dependencies": {
    "net11.0": {
      "Microsoft.AspNetCore.Components.Web": {
        "type": "Direct",
        "requested": "[11.0.0-preview.7.*, )",
        "resolved": "11.0.0-preview.7.26381.103",
        "contentHash": "oXpJiQf4FZq9WMv0dvGMHaSsG9Yvh8HtgUMhcNjjy4SyD9JxGthsKFuoLvBXuqWyg7yvpCdPSqknEQl7UoYbLQ==",
        "dependencies": {
          "Microsoft.AspNetCore.Components": "11.0.0-preview.7.26381.103",
          "Microsoft.AspNetCore.Components.Forms": "11.0.0-preview.7.26381.103",
          "Microsoft.Extensions.DependencyInjection": "11.0.0-preview.7.26381.103",
          "Microsoft.JSInterop": "11.0.0-preview.7.26381.103"
        }
      },
      "Microsoft.Extensions.Configuration": {
        "type": "Direct",
        "requested": "[11.0.0-preview.7.*, )",
        "resolved": "11.0.0-preview.7.26381.103",
        "contentHash": "6YIdcM583agiVU/fJ/rANk7p55VDYnPfP46fB48VDJn9LrQ3J7Bib5kAQtCCsrW1IJv9fh7TkoiYYdcVps9F3A=="
      },
      "Tomlyn.Extensions.Configuration": {
        "type": "Direct",
        "requested": "[2.0.0, )",
        "resolved": "2.0.0",
        "contentHash": "j2tkaXy3yfsMUd3fwg5qEKTwmwUsxcI5NSoBGGgOvrEC6M72FJnta0yuah9M72xj1wNT3scI0oUQAIkDWXeSsQ==",
        "dependencies": {
          "Microsoft.Extensions.Configuration.FileExtensions": "10.0.6",
          "Tomlyn": "2.3.0"
        }
      },
      "Microsoft.AspNetCore.Authorization": {
        "type": "Transitive",
        "resolved": "11.0.0-preview.7.26381.103",
        "contentHash": "GmmeZ3YRnhVXgLg14VAQn+CxIImgIJbLt05V9Uy8Mb2PnTINa4qUTvRnbR5oP0+U2b+QsQBOjKK7U7l6nvw/aw==",
        "dependencies": {
          "Microsoft.AspNetCore.Metadata": "11.0.0-preview.7.26381.103",
          "Microsoft.Extensions.Diagnostics": "11.0.0-preview.7.26381.103"
        }
      },
      "Microsoft.AspNetCore.Components": {
        "type": "Transitive",
        "resolved": "11.0.0-preview.7.26381.103",
        "contentHash": "nWQ5uDUzjO3H/rmUu2Uwx6sKibXz1dD/XUS/kHJfKfEUevsq37kTS0QvuxguYMwRA040NdLCNThAbcKX1C/vww==",
        "dependencies": {
          "Microsoft.AspNetCore.Authorization": "11.0.0-preview.7.26381.103",
          "Microsoft.AspNetCore.Components.Analyzers": "11.0.0-preview.7.26381.103"
        }
      },
      "Microsoft.AspNetCore.Components.Analyzers": {
        "type": "Transitive",
        "resolved": "11.0.0-preview.7.26381.103",
        "contentHash": "C9YSj2vDDS47vOXXNHrLI4D5qgAE1dVOYCkE8y/Fmy/JzJuhnOArNSWDqXGhwDudNGEAkXnAnVVKGX1eL+ZSpw=="
      },
      "Microsoft.AspNetCore.Components.Forms": {
        "type": "Transitive",
        "resolved": "11.0.0-preview.7.26381.103",
        "contentHash": "4nSli8kD8yMojAcevhG0pXSPInmFFvGKaY3+tKgUffJz0FbjJZkfgcDoaOMxIjjeAoqwTdVLxvGaKv4mx7HXIg==",
        "dependencies": {
          "Microsoft.AspNetCore.Components": "11.0.0-preview.7.26381.103",
          "Microsoft.Extensions.Validation": "11.0.0-preview.7.26381.103"
        }
      },
      "Microsoft.AspNetCore.Metadata": {
        "type": "Transitive",
        "resolved": "11.0.0-preview.7.26381.103",
        "contentHash": "XPIBX7PQVR/F1lYnuPwL1NLTibGONUWaJGG45TW0mZNdtP9CkZ5g+VoUGj7DH+UW4YCaPRfLk7lFL4h+iAeeLg=="
      },
      "Microsoft.Extensions.Configuration.Binder": {
        "type": "Transitive",
        "resolved": "11.0.0-preview.7.26381.103",
        "contentHash": "oYFXD1QM7E+sHeFp5e2WiVHU0yrJ72ZA8Z3BONQsNNIhTjCYs1X6NrHGvCUSFre2NRt09cjUQNObwH8fyze4vA==",
        "dependencies": {
          "Microsoft.Extensions.Configuration": "11.0.0-preview.7.26381.103"
        }
      },
      "Microsoft.Extensions.Configuration.FileExtensions": {
        "type": "Transitive",
        "resolved": "10.0.6",
        "contentHash": "hils30RkqBbtQVupvgUr7sgxJUYPc6YMEDge1QAXGTOhbRlqk2I0OH+BWMSsQjYnbGX2Ytl6EkrLgu9im6vE0w==",
        "dependencies": {
          "Microsoft.Extensions.Configuration": "10.0.6",
          "Microsoft.Extensions.FileProviders.Physical": "10.0.6"
        }
      },
      "Microsoft.Extensions.DependencyInjection": {
        "type": "Transitive",
        "resolved": "11.0.0-preview.7.26381.103",
        "contentHash": "IgS1YfEd2i0p/zY8ytcW1zaFR3ivC0M4Ce3JnpZoKpzK9MogNkHb9BZPqYtq0mDuCe2ouirh6058glgPxhwD8g=="
      },
      "Microsoft.Extensions.Diagnostics": {
        "type": "Transitive",
        "resolved": "11.0.0-preview.7.26381.103",
        "contentHash": "JA9JjYASjlzaDsC248Hkc8HBYfQNwJTAqkAZCqKfqwqRZAiNm2NtFbBwiyxA5Vt0/tGHHXJCw3/aqc/Av8mkTw==",
        "dependencies": {
          "Microsoft.Extensions.Configuration": "11.0.0-preview.7.26381.103",
          "Microsoft.Extensions.Options.ConfigurationExtensions": "11.0.0-preview.7.26381.103"
        }
      },
      "Microsoft.Extensions.FileProviders.Physical": {
        "type": "Transitive",
        "resolved": "10.0.6",
        "contentHash": "t6T7umdzTKkSBOUMe5RYk826cTCsDU0hne9lPN5RGOSb3Kq0Xw8OEErM4zJ4dgZWV3G0ObK1Hf1IVU88uIKe6A==",
        "dependencies": {
          "Microsoft.Extensions.FileSystemGlobbing": "10.0.6"
        }
      },
      "Microsoft.Extensions.FileSystemGlobbing": {
        "type": "Transitive",
        "resolved": "10.0.6",
        "contentHash": "EG9GuYJlj1o1G8maSpKceZdj88OehKFRWaWp8BWUQWlvIJDWD8N0sIYDoRMGL/yX85H8KbVYPR9+dH/UjPEiKw=="
      },
      "Microsoft.Extensions.Localization.Abstractions": {
        "type": "Transitive",
        "resolved": "11.0.0-preview.7.26381.103",
        "contentHash": "a2H2NhKJvxKuD7nsghW28tuwWkwRzcrYL/aq01Ek8oTMpa31PLzhuMV2My6lrhMO2EF9wS8g5yuUCLiqYWMIUQ=="
      },
      "Microsoft.Extensions.Options.ConfigurationExtensions": {
        "type": "Transitive",
        "resolved": "11.0.0-preview.7.26381.103",
        "contentHash": "nkheyD5iwoPvfUFOQMrGhNA5GAjP39OsMGRyUyiSxQ6hx4Rod8FDcGo7wgU5HAONzJOqXIr+cNZgrPRRF0ChAA==",
        "dependencies": {
          "Microsoft.Extensions.Configuration.Binder": "11.0.0-preview.7.26381.103"
        }
      },
      "Microsoft.Extensions.Validation": {
        "type": "Transitive",
        "resolved": "11.0.0-preview.7.26381.103",
        "contentHash": "buB1rtL9/kh5B2fwA9XjOa9FOzCO6K/30F+0abANEwVrodjr5JMlt+2HyDQDQhdSCnDGxpj9q+r3kXTsT2jUFQ==",
        "dependencies": {
          "Microsoft.Extensions.Localization.Abstractions": "11.0.0-preview.7.26381.103"
        }
      },
      "Microsoft.JSInterop": {
        "type": "Transitive",
        "resolved": "11.0.0-preview.7.26381.103",
        "contentHash": "Bzm+DP6zeOl4eJ6T8bbsKFkRaYSRBn/r9GzEgKPCVYlSEiU6wOLq/eFxOFGYxIOGn5zak4rQq7Df4U/mm18LRw=="
      },
      "Tomlyn": {
        "type": "Transitive",
        "resolved": "2.3.0",
        "contentHash": "kA3P/rsBD4HUio0Q67GUgYuWdfoV273HhQJmIRfJymKiZKEi1+xgjXTRW0OtcdEJqL4vTzDvKxbOMYR4tjBCPw=="
      }
    }
  }
}