{
  "version": 1,
  "dependencies": {
    "net11.0-windows10.0.19041": {
      "Microsoft.AspNetCore.Components.WebView.Maui": {
        "type": "Direct",
        "requested": "[11.0.0-preview.7.26406.9, )",
        "resolved": "11.0.0-preview.7.26406.9",
        "contentHash": "1eUCUi879SZ44lJIYEQVIYNRKSIkaC34zcR4VJF55yAMSioVEVi6OQkeFDqhUBoGGLsnUElI0SQyfAVgzp8daQ==",
        "dependencies": {
          "Microsoft.AspNetCore.Authorization": "11.0.0-preview.7.26381.103",
          "Microsoft.AspNetCore.Components.WebView": "11.0.0-preview.7.26381.103",
          "Microsoft.JSInterop": "11.0.0-preview.7.26381.103"
        }
      },
      "Microsoft.Extensions.Logging.Debug": {
        "type": "Direct",
        "requested": "[11.0.0-preview.7.*, )",
        "resolved": "11.0.0-preview.7.26381.103",
        "contentHash": "V23x5mc8Aqm53ScM/q2asxR/ayNesYIYDoDlBUcE1cZRF0bAOcGdDgWI3GLD2RVDQtFqPLKvvAFLZlt62J2P3Q==",
        "dependencies": {
          "Microsoft.Extensions.Logging": "11.0.0-preview.7.26381.103"
        }
      },
      "Microsoft.Maui.Controls": {
        "type": "Direct",
        "requested": "[11.0.0-preview.7.26406.9, )",
        "resolved": "11.0.0-preview.7.26406.9",
        "contentHash": "d3+E+LoIrvO1ZE+4EZ6nmvOzq+p00e1FTAjpeDW7XpyV3rVuzSmIT7fYMrxaImngeGOWpoIs2L2Gz2jvxgTEPA==",
        "dependencies": {
          "Microsoft.Maui.Controls.Build.Tasks": "11.0.0-preview.7.26406.9",
          "Microsoft.Maui.Controls.Core": "11.0.0-preview.7.26406.9",
          "Microsoft.Maui.Controls.Xaml": "11.0.0-preview.7.26406.9",
          "Microsoft.Maui.Resizetizer": "11.0.0-preview.7.26406.9"
        }
      },
      "Tomlyn.Extensions.Configuration": {
        "type": "Direct",
        "requested": "[2.0.0, )",
        "resolved": "2.0.0",
        "contentHash": "j2tkaXy3yfsMUd3fwg5qEKTwmwUsxcI5NSoBGGgOvrEC6M72FJnta0yuah9M72xj1wNT3scI0oUQAIkDWXeSsQ==",
        "dependencies": {
          "Microsoft.Extensions.Configuration.FileExtensions": "10.0.6",
          "Tomlyn": "2.3.0"
        }
      },
      "Microsoft.AspNetCore.Authorization": {
        "type": "Transitive",
        "resolved": "11.0.0-preview.7.26381.103",
        "contentHash": "GmmeZ3YRnhVXgLg14VAQn+CxIImgIJbLt05V9Uy8Mb2PnTINa4qUTvRnbR5oP0+U2b+QsQBOjKK7U7l6nvw/aw==",
        "dependencies": {
          "Microsoft.AspNetCore.Metadata": "11.0.0-preview.7.26381.103",
          "Microsoft.Extensions.Diagnostics": "11.0.0-preview.7.26381.103"
        }
      },
      "Microsoft.AspNetCore.Components": {
        "type": "Transitive",
        "resolved": "11.0.0-preview.7.26381.103",
        "contentHash": "nWQ5uDUzjO3H/rmUu2Uwx6sKibXz1dD/XUS/kHJfKfEUevsq37kTS0QvuxguYMwRA040NdLCNThAbcKX1C/vww==",
        "dependencies": {
          "Microsoft.AspNetCore.Authorization": "11.0.0-preview.7.26381.103",
          "Microsoft.AspNetCore.Components.Analyzers": "11.0.0-preview.7.26381.103"
        }
      },
      "Microsoft.AspNetCore.Components.Analyzers": {
        "type": "Transitive",
        "resolved": "11.0.0-preview.7.26381.103",
        "contentHash": "C9YSj2vDDS47vOXXNHrLI4D5qgAE1dVOYCkE8y/Fmy/JzJuhnOArNSWDqXGhwDudNGEAkXnAnVVKGX1eL+ZSpw=="
      },
      "Microsoft.AspNetCore.Components.Forms": {
        "type": "Transitive",
        "resolved": "11.0.0-preview.7.26381.103",
        "contentHash": "4nSli8kD8yMojAcevhG0pXSPInmFFvGKaY3+tKgUffJz0FbjJZkfgcDoaOMxIjjeAoqwTdVLxvGaKv4mx7HXIg==",
        "dependencies": {
          "Microsoft.AspNetCore.Components": "11.0.0-preview.7.26381.103",
          "Microsoft.Extensions.Validation": "11.0.0-preview.7.26381.103"
        }
      },
      "Microsoft.AspNetCore.Components.Web": {
        "type": "Transitive",
        "resolved": "11.0.0-preview.7.26381.103",
        "contentHash": "oXpJiQf4FZq9WMv0dvGMHaSsG9Yvh8HtgUMhcNjjy4SyD9JxGthsKFuoLvBXuqWyg7yvpCdPSqknEQl7UoYbLQ==",
        "dependencies": {
          "Microsoft.AspNetCore.Components": "11.0.0-preview.7.26381.103",
          "Microsoft.AspNetCore.Components.Forms": "11.0.0-preview.7.26381.103",
          "Microsoft.Extensions.DependencyInjection": "11.0.0-preview.7.26381.103",
          "Microsoft.JSInterop": "11.0.0-preview.7.26381.103"
        }
      },
      "Microsoft.AspNetCore.Components.WebView": {
        "type": "Transitive",
        "resolved": "11.0.0-preview.7.26381.103",
        "contentHash": "tw/SegaDV0o6q/70eSml/2DCNdXEkfEjcYL2DlHbwAuU6KNwaNIQ9XUxe/2Mf1unSjhViWcYR35o7v+5JxiF4A==",
        "dependencies": {
          "Microsoft.AspNetCore.Components.Web": "11.0.0-preview.7.26381.103",
          "Microsoft.Extensions.Configuration.Binder": "11.0.0-preview.7.26381.103",
          "Microsoft.Extensions.Configuration.Json": "11.0.0-preview.7.26381.103",
          "Microsoft.Extensions.FileProviders.Composite": "11.0.0-preview.7.26381.103",
          "Microsoft.Extensions.FileProviders.Embedded": "11.0.0-preview.7.26381.103",
          "Microsoft.Extensions.Logging": "11.0.0-preview.7.26381.103"
        }
      },
      "Microsoft.AspNetCore.Metadata": {
        "type": "Transitive",
        "resolved": "11.0.0-preview.7.26381.103",
        "contentHash": "XPIBX7PQVR/F1lYnuPwL1NLTibGONUWaJGG45TW0mZNdtP9CkZ5g+VoUGj7DH+UW4YCaPRfLk7lFL4h+iAeeLg=="
      },
      "Microsoft.Extensions.Configuration": {
        "type": "Transitive",
        "resolved": "11.0.0-preview.7.26381.103",
        "contentHash": "6YIdcM583agiVU/fJ/rANk7p55VDYnPfP46fB48VDJn9LrQ3J7Bib5kAQtCCsrW1IJv9fh7TkoiYYdcVps9F3A=="
      },
      "Microsoft.Extensions.Configuration.Binder": {
        "type": "Transitive",
        "resolved": "11.0.0-preview.7.26381.103",
        "contentHash": "oYFXD1QM7E+sHeFp5e2WiVHU0yrJ72ZA8Z3BONQsNNIhTjCYs1X6NrHGvCUSFre2NRt09cjUQNObwH8fyze4vA==",
        "dependencies": {
          "Microsoft.Extensions.Configuration": "11.0.0-preview.7.26381.103"
        }
      },
      "Microsoft.Extensions.Configuration.FileExtensions": {
        "type": "Transitive",
        "resolved": "11.0.0-preview.7.26381.103",
        "contentHash": "qNHpEkxKMcpEdDPCuey/0jKhJUmPbLHsHitf+aoxrAqz9ApvYIf11w8z3xIsydo7qacIrxACuIngVVEqidd3GA==",
        "dependencies": {
          "Microsoft.Extensions.Configuration": "11.0.0-preview.7.26381.103",
          "Microsoft.Extensions.FileProviders.Physical": "11.0.0-preview.7.26381.103"
        }
      },
      "Microsoft.Extensions.Configuration.Json": {
        "type": "Transitive",
        "resolved": "11.0.0-preview.7.26381.103",
        "contentHash": "5VmT0leA8OPv1mPAuNVVdrpb9Vgn+77sq2Ra5VAc9o9dnEGZdfPicltaE5WYm5ygeXuAmofod5bQye1P4P6tNA==",
        "dependencies": {
          "Microsoft.Extensions.Configuration": "11.0.0-preview.7.26381.103",
          "Microsoft.Extensions.Configuration.FileExtensions": "11.0.0-preview.7.26381.103"
        }
      },
      "Microsoft.Extensions.DependencyInjection": {
        "type": "Transitive",
        "resolved": "11.0.0-preview.7.26381.103",
        "contentHash": "IgS1YfEd2i0p/zY8ytcW1zaFR3ivC0M4Ce3JnpZoKpzK9MogNkHb9BZPqYtq0mDuCe2ouirh6058glgPxhwD8g=="
      },
      "Microsoft.Extensions.Diagnostics": {
        "type": "Transitive",
        "resolved": "11.0.0-preview.7.26381.103",
        "contentHash": "JA9JjYASjlzaDsC248Hkc8HBYfQNwJTAqkAZCqKfqwqRZAiNm2NtFbBwiyxA5Vt0/tGHHXJCw3/aqc/Av8mkTw==",
        "dependencies": {
          "Microsoft.Extensions.Configuration": "11.0.0-preview.7.26381.103",
          "Microsoft.Extensions.Options.ConfigurationExtensions": "11.0.0-preview.7.26381.103"
        }
      },
      "Microsoft.Extensions.FileProviders.Composite": {
        "type": "Transitive",
        "resolved": "11.0.0-preview.7.26381.103",
        "contentHash": "YuY95raHhsDMOnlenYAm1LtfEIcV7QhQcQgF/w94yDPVUXEV7Ssxeu3CV9FxTINsSYbpucatWdU8+p2i7n9Tag=="
      },
      "Microsoft.Extensions.FileProviders.Embedded": {
        "type": "Transitive",
        "resolved": "11.0.0-preview.7.26381.103",
        "contentHash": "Nzmzo/dv/IHer7A4Swnn9wPOWBiZsJfe4WDP1E2IdGgfvN64EIfo+VR9Uzzxcfz+gZj4Y4LkTajgcusUAgM+lA=="
      },
      "Microsoft.Extensions.FileProviders.Physical": {
        "type": "Transitive",
        "resolved": "11.0.0-preview.7.26381.103",
        "contentHash": "amteaBUpxnZCT1DD6+YneHdSFDt5jGmNe60hDJZC7PbRykBLzZs30//HY9xKkn+Am6r7rxtxboaLSqc7P9hcaA==",
        "dependencies": {
          "Microsoft.Extensions.FileSystemGlobbing": "11.0.0-preview.7.26381.103"
        }
      },
      "Microsoft.Extensions.FileSystemGlobbing": {
        "type": "Transitive",
        "resolved": "11.0.0-preview.7.26381.103",
        "contentHash": "8I3TVOl+hhYRNHT5V4NlZqVK0JjJENbKurLpTBTkfGwWH8kTXFDPvlDuFw2JQvxs4MZSNa0By59LYlPXNKdF8w=="
      },
      "Microsoft.Extensions.Localization.Abstractions": {
        "type": "Transitive",
        "resolved": "11.0.0-preview.7.26381.103",
        "contentHash": "a2H2NhKJvxKuD7nsghW28tuwWkwRzcrYL/aq01Ek8oTMpa31PLzhuMV2My6lrhMO2EF9wS8g5yuUCLiqYWMIUQ=="
      },
      "Microsoft.Extensions.Logging": {
        "type": "Transitive",
        "resolved": "11.0.0-preview.7.26381.103",
        "contentHash": "VoYsG/1Gt7kpSeno7eUrnLKfusYZf9L8qSnYtMNh1ClwXKIfKU6+g+Lq23VeanJP2ieQyPBH0xtSzay8J7r9lQ==",
        "dependencies": {
          "Microsoft.Extensions.DependencyInjection": "11.0.0-preview.7.26381.103"
        }
      },
      "Microsoft.Extensions.Options.ConfigurationExtensions": {
        "type": "Transitive",
        "resolved": "11.0.0-preview.7.26381.103",
        "contentHash": "nkheyD5iwoPvfUFOQMrGhNA5GAjP39OsMGRyUyiSxQ6hx4Rod8FDcGo7wgU5HAONzJOqXIr+cNZgrPRRF0ChAA==",
        "dependencies": {
          "Microsoft.Extensions.Configuration.Binder": "11.0.0-preview.7.26381.103"
        }
      },
      "Microsoft.Extensions.Validation": {
        "type": "Transitive",
        "resolved": "11.0.0-preview.7.26381.103",
        "contentHash": "buB1rtL9/kh5B2fwA9XjOa9FOzCO6K/30F+0abANEwVrodjr5JMlt+2HyDQDQhdSCnDGxpj9q+r3kXTsT2jUFQ==",
        "dependencies": {
          "Microsoft.Extensions.Localization.Abstractions": "11.0.0-preview.7.26381.103"
        }
      },
      "Microsoft.Graphics.Win2D": {
        "type": "Transitive",
        "resolved": "1.3.2",
        "contentHash": "xAv4+Xj8wePW1innIUSXebX6UHMGDzOxwKPwYNUNY7mBrsRL/hPFEtuPLpBSxc3iBnuaCogPDCDeN7T4b1xV0Q==",
        "dependencies": {
          "Microsoft.WindowsAppSDK": "1.6.241114003"
        }
      },
      "Microsoft.IO.RecyclableMemoryStream": {
        "type": "Transitive",
        "resolved": "3.0.1",
        "contentHash": "s/s20YTVY9r9TPfTrN5g8zPF1YhwxyqO6PxUkrYTGI2B+OGPe9AdajWZrLhFqXIvqIW23fnUE4+ztrUWNU1+9g=="
      },
      "Microsoft.JSInterop": {
        "type": "Transitive",
        "resolved": "11.0.0-preview.7.26381.103",
        "contentHash": "Bzm+DP6zeOl4eJ6T8bbsKFkRaYSRBn/r9GzEgKPCVYlSEiU6wOLq/eFxOFGYxIOGn5zak4rQq7Df4U/mm18LRw=="
      },
      "Microsoft.Maui.Controls.Build.Tasks": {
        "type": "Transitive",
        "resolved": "11.0.0-preview.7.26406.9",
        "contentHash": "LYJZ5a6c2ndfwVau2fL36LGnvqLfmM/5jy1+CcAHvoKypN3cZzbUxxjs1AgbKeOqWJnXkmlUY17qKKk0MC3IYw==",
        "dependencies": {
          "Microsoft.Maui.Controls.Core": "11.0.0-preview.7.26406.9",
          "Microsoft.Maui.Controls.Xaml": "11.0.0-preview.7.26406.9"
        }
      },
      "Microsoft.Maui.Controls.Core": {
        "type": "Transitive",
        "resolved": "11.0.0-preview.7.26406.9",
        "contentHash": "m5p92OLMOTJeUuZ8n4Fv5Rn+rJGbF2DDLQIrjp9xem5JBPYqL15Oq34ZmaI4JH6ltF1T7DpdglT2Vd30Dgy7BQ==",
        "dependencies": {
          "Microsoft.Extensions.Configuration": "11.0.0-preview.7.26381.103",
          "Microsoft.Extensions.DependencyInjection": "11.0.0-preview.7.26381.103",
          "Microsoft.Extensions.Logging": "11.0.0-preview.7.26381.103",
          "Microsoft.Maui.Core": "11.0.0-preview.7.26406.9"
        }
      },
      "Microsoft.Maui.Controls.Xaml": {
        "type": "Transitive",
        "resolved": "11.0.0-preview.7.26406.9",
        "contentHash": "Ky9ihh3J9cfddSLy/N3f00w75hBU0Vsf58JFicx1qsflHu+O/GGHK33MytnHU/YvN/gHexRyCyNG7ZyauvV/8A==",
        "dependencies": {
          "Microsoft.Extensions.Configuration": "11.0.0-preview.7.26381.103",
          "Microsoft.Maui.Controls.Core": "11.0.0-preview.7.26406.9",
          "Microsoft.Maui.Core": "11.0.0-preview.7.26406.9"
        }
      },
      "Microsoft.Maui.Core": {
        "type": "Transitive",
        "resolved": "11.0.0-preview.7.26406.9",
        "contentHash": "vlijwuzeiLTrLETFlZDM6FZH/lLla2UqmbygL3/DG4uORkddZRuawM+E32TSUphveEFtCnJTmjhe69pG5XTK1A==",
        "dependencies": {
          "Microsoft.Extensions.Configuration": "11.0.0-preview.7.26381.103",
          "Microsoft.Extensions.DependencyInjection": "11.0.0-preview.7.26381.103",
          "Microsoft.Extensions.Logging": "11.0.0-preview.7.26381.103",
          "Microsoft.Graphics.Win2D": "1.3.2",
          "Microsoft.Maui.Essentials": "11.0.0-preview.7.26406.9",
          "Microsoft.Maui.Graphics": "11.0.0-preview.7.26406.9",
          "Microsoft.Maui.Graphics.Win2D.WinUI.Desktop": "11.0.0-preview.7.26406.9",
          "Microsoft.Web.WebView2": "1.0.3179.45",
          "Microsoft.Windows.SDK.BuildTools": "10.0.26100.4654",
          "Microsoft.Windows.SDK.BuildTools.WinApp": "0.5.0",
          "Microsoft.WindowsAppSDK": "1.8.251106002"
        }
      },
      "Microsoft.Maui.Essentials": {
        "type": "Transitive",
        "resolved": "11.0.0-preview.7.26406.9",
        "contentHash": "j5+zcZOAa0VXR0FBJcNZKqPP0Hdd7j22gc+rJgY/blEqBHE8cG9y3Yn9nFzmJ/cydL+X1Tui+7l/zJkhQXaghA==",
        "dependencies": {
          "Microsoft.Maui.Graphics": "11.0.0-preview.7.26406.9",
          "Microsoft.Web.WebView2": "1.0.3179.45",
          "Microsoft.WindowsAppSDK": "1.8.251106002"
        }
      },
      "Microsoft.Maui.Graphics": {
        "type": "Transitive",
        "resolved": "11.0.0-preview.7.26406.9",
        "contentHash": "y2WQ41gF64LLRT6QfLm6Tgfk1dmFMpDX0zWCgP8E3YBZt5SEjLvN4hqes8CTyk9eBIAf26IzuzBGRpTGbfLU1Q==",
        "dependencies": {
          "Microsoft.Graphics.Win2D": "1.3.2",
          "Microsoft.IO.RecyclableMemoryStream": "3.0.1",
          "Microsoft.WindowsAppSDK": "1.8.251106002"
        }
      },
      "Microsoft.Maui.Graphics.Win2D.WinUI.Desktop": {
        "type": "Transitive",
        "resolved": "11.0.0-preview.7.26406.9",
        "contentHash": "LtiXDD//0bAyRyZytjZBUznldf8Nvx+KXZO8yzplSKoQJ+QeAb2h9pxtbqv8+Nkxy68wXpkA6heJJgBhu2QECg==",
        "dependencies": {
          "Microsoft.Graphics.Win2D": "1.3.2",
          "Microsoft.Maui.Graphics": "11.0.0-preview.7.26406.9",
          "Microsoft.WindowsAppSDK": "1.8.251106002"
        }
      },
      "Microsoft.Maui.Resizetizer": {
        "type": "Transitive",
        "resolved": "11.0.0-preview.7.26406.9",
        "contentHash": "IlKsXZZYFsxVE4o+h082zfZZmrFHSJZ919hDkyADJPrd2MjHDz0zLCY8sQCX0SxLClRhP6dM2OwYrSwOOlvyfA=="
      },
      "Microsoft.Web.WebView2": {
        "type": "Transitive",
        "resolved": "1.0.3179.45",
        "contentHash": "3pokSH5CnN0G6rGhGFo1y87inxYhNxBQ2Vdf0wlvBj99KHxQJormjDACmqRnFeUsmuNFIhWwfAL1ztq7wD5qRA=="
      },
      "Microsoft.Windows.SDK.BuildTools": {
        "type": "Transitive",
        "resolved": "10.0.26100.4654",
        "contentHash": "2mgcOlj/t2RfSyyw+pVESfO+Tk1RkfQzto9Vrq42M1lUQIfQEwbi8QLha9GXWIOj+TFzeHIEJckIoF25mgiM8A=="
      },
      "Microsoft.Windows.SDK.BuildTools.MSIX": {
        "type": "Transitive",
        "resolved": "1.7.20250829.1",
        "contentHash": "IMdvRmCIZnBS5GkYnv0po1bcx6U1OF39pqA4TphQ9evDzpCRoSE19/PkDvlUNNrBavTsLIEJgd/TAIFner75ow=="
      },
      "Microsoft.Windows.SDK.BuildTools.WinApp": {
        "type": "Transitive",
        "resolved": "0.5.0",
        "contentHash": "zASqHuAUp38P+ZKLc3h/ERiTQgbDnxDn6vBDLMw3aYynDJ8p6y+e5esKXLQcyDnMwXj2QIDgwAy+Lw3vdMh+qw=="
      },
      "Microsoft.WindowsAppSDK": {
        "type": "Transitive",
        "resolved": "1.8.251106002",
        "contentHash": "IiDYOHJahku9GuajXLCNWkrhsG+Fbd2GsWpINLXhm3nF8mXzGPmFtateotJWnE0BKCa4Ua1+O4nYJ4gUC9+NXg==",
        "dependencies": {
          "Microsoft.WindowsAppSDK.AI": "[1.8.39]",
          "Microsoft.WindowsAppSDK.Base": "[1.8.250831001]",
          "Microsoft.WindowsAppSDK.DWrite": "[1.8.25090401]",
          "Microsoft.WindowsAppSDK.Foundation": "[1.8.251104000]",
          "Microsoft.WindowsAppSDK.InteractiveExperiences": "[1.8.251104001]",
          "Microsoft.WindowsAppSDK.ML": "[1.8.2109]",
          "Microsoft.WindowsAppSDK.Runtime": "[1.8.251106002]",
          "Microsoft.WindowsAppSDK.Widgets": "[1.8.250904007]",
          "Microsoft.WindowsAppSDK.WinUI": "[1.8.251105000]"
        }
      },
      "Microsoft.WindowsAppSDK.AI": {
        "type": "Transitive",
        "resolved": "1.8.39",
        "contentHash": "jYx8PqQZjB59MU+/IcelwWa0iUnNYkSIWyirDLb50/6uaSVK+FMKsdvV5ZxVuQmBIBUjqReOLRAdlsxxOVAE1Q==",
        "dependencies": {
          "Microsoft.WindowsAppSDK.Base": "1.8.250831001",
          "Microsoft.WindowsAppSDK.Foundation": "1.8.251104000"
        }
      },
      "Microsoft.WindowsAppSDK.Base": {
        "type": "Transitive",
        "resolved": "1.8.250831001",
        "contentHash": "8LlfXBS2Hpw+OoVXViJmIOPXl0nMbqMaFR3j6+QHFNc62VULwPEcXiMRcP2WbV/+mtC7W2LH6yx6uu/Hrr9lVw==",
        "dependencies": {
          "Microsoft.Windows.SDK.BuildTools": "10.0.26100.4654",
          "Microsoft.Windows.SDK.BuildTools.MSIX": "1.7.20250829.1"
        }
      },
      "Microsoft.WindowsAppSDK.DWrite": {
        "type": "Transitive",
        "resolved": "1.8.25090401",
        "contentHash": "WJ0p9yMgiNYqU2O5ZKCXcb7FBjryIUUopgeYMvnlf1yBUYgdjMFMkoJqYVqkz866wnntiB2IZhLxEzhFzvVs1A==",
        "dependencies": {
          "Microsoft.WindowsAppSDK.Base": "1.8.250831001"
        }
      },
      "Microsoft.WindowsAppSDK.Foundation": {
        "type": "Transitive",
        "resolved": "1.8.251104000",
        "contentHash": "vvL3zpC8klGcaxUA7RbMuUMVAABD7jEMFhNKGAewOvey18i64mslbU0aIQM3+Bu4tQKsaGXSWYrJFsAU/Op4OA==",
        "dependencies": {
          "Microsoft.WindowsAppSDK.Base": "1.8.250831001",
          "Microsoft.WindowsAppSDK.InteractiveExperiences": "1.8.251104001"
        }
      },
      "Microsoft.WindowsAppSDK.InteractiveExperiences": {
        "type": "Transitive",
        "resolved": "1.8.251104001",
        "contentHash": "t4Vs1eMJqUpa5CbZ5SvO4j5VdyhNwtarNfYJAWar8dHejpNol3g+/t0l0ovKye+DKQpinWdGkuQSUX8Oc8M3ug==",
        "dependencies": {
          "Microsoft.WindowsAppSDK.Base": "1.8.250831001"
        }
      },
      "Microsoft.WindowsAppSDK.ML": {
        "type": "Transitive",
        "resolved": "1.8.2109",
        "contentHash": "gfsSXBJrlsfnl1IID3AEasUvZXFFZk6n4iD2JP5BfheySaoWr/1JJVbqKYyRr7APe2kRzyztVW3eaj7KMfgR5A==",
        "dependencies": {
          "Microsoft.WindowsAppSDK.Base": "1.8.250831001",
          "Microsoft.WindowsAppSDK.Foundation": "1.8.251104000",
          "System.Numerics.Tensors": "9.0.0"
        }
      },
      "Microsoft.WindowsAppSDK.Runtime": {
        "type": "Transitive",
        "resolved": "1.8.251106002",
        "contentHash": "5piaqsoXOTFXdtiGoqLhVPkG0HE3UD0g/S4D2i7I8MPO48eoaESJ4y/oUHzZFmSaqLQROWe8NJ9rXXNxxiL/gw==",
        "dependencies": {
          "Microsoft.WindowsAppSDK.Base": "1.8.250831001"
        }
      },
      "Microsoft.WindowsAppSDK.Widgets": {
        "type": "Transitive",
        "resolved": "1.8.250904007",
        "contentHash": "sgwdXYhb8S4JjBmWWiFxALT1xK0fJeAbisolctmodMX7tlvBXDgUyvl/GHfTQ61DGIiW+kokX61WR46L2YlhAA==",
        "dependencies": {
          "Microsoft.WindowsAppSDK.Base": "1.8.250831001"
        }
      },
      "Microsoft.WindowsAppSDK.WinUI": {
        "type": "Transitive",
        "resolved": "1.8.251105000",
        "contentHash": "G/f0Z27ALjjrrfjCUPxPSBkG6eLB20pBja8AFIOI87oYMGUKGwuMuZn7LqPkeQJMFPo04FonfljdJCIpsfnnbw==",
        "dependencies": {
          "Microsoft.Web.WebView2": "1.0.3179.45",
          "Microsoft.WindowsAppSDK.Base": "1.8.250831001",
          "Microsoft.WindowsAppSDK.Foundation": "1.8.251104000",
          "Microsoft.WindowsAppSDK.InteractiveExperiences": "1.8.251104001"
        }
      },
      "System.Numerics.Tensors": {
        "type": "Transitive",
        "resolved": "9.0.0",
        "contentHash": "hyJB4UlpAi19Xr9AXzu2NuagKC4lPfHObNMEAA0HmqFz2rX7wKgzeYzO/jM/eBHDhnUGFFEjk5cOoJaxqg5J4A=="
      },
      "Tomlyn": {
        "type": "Transitive",
        "resolved": "2.3.0",
        "contentHash": "kA3P/rsBD4HUio0Q67GUgYuWdfoV273HhQJmIRfJymKiZKEi1+xgjXTRW0OtcdEJqL4vTzDvKxbOMYR4tjBCPw=="
      },
      "xmip.gui": {
        "type": "Project",
        "dependencies": {
          "Microsoft.AspNetCore.Components.Web": "[11.0.0-preview.7.*, )"
        }
      }
    },
    "net11.0-windows10.0.19041/win-x64": {
      "Microsoft.Graphics.Win2D": {
        "type": "Transitive",
        "resolved": "1.3.2",
        "contentHash": "xAv4+Xj8wePW1innIUSXebX6UHMGDzOxwKPwYNUNY7mBrsRL/hPFEtuPLpBSxc3iBnuaCogPDCDeN7T4b1xV0Q==",
        "dependencies": {
          "Microsoft.WindowsAppSDK": "1.6.241114003"
        }
      },
      "Microsoft.Web.WebView2": {
        "type": "Transitive",
        "resolved": "1.0.3179.45",
        "contentHash": "3pokSH5CnN0G6rGhGFo1y87inxYhNxBQ2Vdf0wlvBj99KHxQJormjDACmqRnFeUsmuNFIhWwfAL1ztq7wD5qRA=="
      },
      "Microsoft.WindowsAppSDK.Foundation": {
        "type": "Transitive",
        "resolved": "1.8.251104000",
        "contentHash": "vvL3zpC8klGcaxUA7RbMuUMVAABD7jEMFhNKGAewOvey18i64mslbU0aIQM3+Bu4tQKsaGXSWYrJFsAU/Op4OA==",
        "dependencies": {
          "Microsoft.WindowsAppSDK.Base": "1.8.250831001",
          "Microsoft.WindowsAppSDK.InteractiveExperiences": "1.8.251104001"
        }
      }
    }
  }
}