{
  "version": 1,
  "dependencies": {
    "net11.0": {
      "Microsoft.AspNetCore.App.Internal.Assets": {
        "type": "Direct",
        "requested": "[11.0.0-preview.7.26381.103, )",
        "resolved": "11.0.0-preview.7.26381.103",
        "contentHash": "pKUm+h+BVe7yLdqDeKhA9ydc4S5xdZNcDKTdFQ25lXjkicHqGj3BR0miY0L68zynMl3KyY74aJkF9kkdHBm2Sw=="
      },
      "Microsoft.AspNetCore.Http.Connections.Client": {
        "type": "Transitive",
        "resolved": "10.0.12",
        "contentHash": "HEO648tD8OyX6aUNQwJSl1eKQk5eQChuHTqpybv2ep7/518/M27yeDDFxAh2M/LW+22tbbooao6raNEHm7lBhA=="
      },
      "Microsoft.AspNetCore.SignalR.Client": {
        "type": "Transitive",
        "resolved": "10.0.12",
        "contentHash": "p5EFZrp20HlS1MbYkreyhHy4nXeq/LrXVLWbQLBuAz2eFCdSnKfoNVlxZYbFoEjzJxa68CYdEFe9ObCaYTUP8Q==",
        "dependencies": {
          "Microsoft.AspNetCore.Http.Connections.Client": "10.0.12",
          "Microsoft.AspNetCore.SignalR.Client.Core": "10.0.12"
        }
      },
      "Microsoft.AspNetCore.SignalR.Client.Core": {
        "type": "Transitive",
        "resolved": "10.0.12",
        "contentHash": "+kCyWCOvZteBkqfbpmoi+ejIR1XVJOY4ydDNYrYt1WdXv/ruJS4WjDfCizGZ5lvn/OmRdMuVdh8opopbNveQcw=="
      },
      "Tomlyn": {
        "type": "Transitive",
        "resolved": "2.3.0",
        "contentHash": "kA3P/rsBD4HUio0Q67GUgYuWdfoV273HhQJmIRfJymKiZKEi1+xgjXTRW0OtcdEJqL4vTzDvKxbOMYR4tjBCPw=="
      },
      "Tomlyn.Extensions.Configuration": {
        "type": "Transitive",
        "resolved": "2.0.0",
        "contentHash": "j2tkaXy3yfsMUd3fwg5qEKTwmwUsxcI5NSoBGGgOvrEC6M72FJnta0yuah9M72xj1wNT3scI0oUQAIkDWXeSsQ==",
        "dependencies": {
          "Tomlyn": "2.3.0"
        }
      },
      "xmip.abi": {
        "type": "Project"
      },
      "xmip.gui": {
        "type": "Project",
        "dependencies": {
          "Xmip.Surface": "[1.0.0, )"
        }
      },
      "xmip.surface": {
        "type": "Project",
        "dependencies": {
          "Microsoft.AspNetCore.SignalR.Client": "[10.0.12, )",
          "Tomlyn.Extensions.Configuration": "[2.0.0, )",
          "Xmip.Abi": "[1.0.0, )"
        }
      },
      "xmip.surface.relay": {
        "type": "Project",
        "dependencies": {
          "Xmip.Surface": "[1.0.0, )"
        }
      }
    }
  }
}