{
  "version": 1,
  "dependencies": {
    "net11.0": {
      "bunit": {
        "type": "Direct",
        "requested": "[2.11.3, )",
        "resolved": "2.11.3",
        "contentHash": "tyHufngemDi1XAfS4kx0hNZBw3HT73M/Qsj+szQTMrDpLJB2BPPBFpWh70j/b1RF289ix1zDqd7vMcgf6rAysw==",
        "dependencies": {
          "AngleSharp": "1.8.1",
          "AngleSharp.Css": "1.1.2",
          "AngleSharp.Diffing": "1.1.1",
          "Microsoft.AspNetCore.Components": "11.0.0-rc.1.26425.128",
          "Microsoft.AspNetCore.Components.Authorization": "11.0.0-rc.1.26425.128",
          "Microsoft.AspNetCore.Components.Web": "11.0.0-rc.1.26425.128",
          "Microsoft.AspNetCore.Components.WebAssembly": "11.0.0-rc.1.26425.128",
          "Microsoft.AspNetCore.Components.WebAssembly.Authentication": "11.0.0-rc.1.26425.128",
          "Microsoft.Extensions.Caching.Memory": "11.0.0-rc.1.26425.128",
          "Microsoft.Extensions.Localization.Abstractions": "11.0.0-rc.1.26425.128",
          "Microsoft.Extensions.Logging": "11.0.0-rc.1.26425.128"
        }
      },
      "Microsoft.NET.Test.Sdk": {
        "type": "Direct",
        "requested": "[17.14.1, )",
        "resolved": "17.14.1",
        "contentHash": "HJKqKOE+vshXra2aEHpi2TlxYX7Z9VFYkr+E5rwEvHC8eIXiyO+K9kNm8vmNom3e2rA56WqxU+/N9NJlLGXsJQ==",
        "dependencies": {
          "Microsoft.CodeCoverage": "17.14.1",
          "Microsoft.TestPlatform.TestHost": "17.14.1"
        }
      },
      "xunit": {
        "type": "Direct",
        "requested": "[2.9.3, )",
        "resolved": "2.9.3",
        "contentHash": "TlXQBinK35LpOPKHAqbLY4xlEen9TBafjs0V5KnA4wZsoQLQJiirCR4CbIXvOH8NzkW4YeJKP5P/Bnrodm0h9Q==",
        "dependencies": {
          "xunit.analyzers": "1.18.0",
          "xunit.assert": "2.9.3",
          "xunit.core": "[2.9.3]"
        }
      },
      "xunit.runner.visualstudio": {
        "type": "Direct",
        "requested": "[3.1.1, )",
        "resolved": "3.1.1",
        "contentHash": "gNu2zhnuwjq5vQlU4S7yK/lfaKZDLmtcu+vTjnhfTlMAUYn+Hmgu8IIX0UCwWepYkk+Szx03DHx1bDnc9Fd+9w=="
      },
      "AngleSharp": {
        "type": "Transitive",
        "resolved": "1.8.1",
        "contentHash": "fTLPBxwYK5zmt+ernY3GL1kFBDA/2Cl72hpNnMHeNceZNJ/AT7Km9CXFaMHybuEFhXDy2Dv7Bjkez5G0Z4Io4g=="
      },
      "AngleSharp.Css": {
        "type": "Transitive",
        "resolved": "1.1.2",
        "contentHash": "7o5yCTuURjxmjy+O5/2EDQihTwnVlbeg9cIO+Zq8zDLt/7AZWebOfIxij+cejBGUBMad95wl5VlY3XFo3VQuCg==",
        "dependencies": {
          "AngleSharp": "[1.5.0, 2.0.0)"
        }
      },
      "AngleSharp.Diffing": {
        "type": "Transitive",
        "resolved": "1.1.1",
        "contentHash": "Uzz5895TpRyMA4t8GExmq4TxXqi3+bZTgb3kJgH+tdwrSuo9CO6Dlmv+Oqyhb2pNRfbnReLUzhlHAuT7c+3jSg==",
        "dependencies": {
          "AngleSharp": "1.1.2",
          "AngleSharp.Css": "1.0.0-beta.144"
        }
      },
      "Microsoft.AspNetCore.Authorization": {
        "type": "Transitive",
        "resolved": "11.0.0-rc.1.26425.128",
        "contentHash": "Q/moRems7ElghORW4/ZxFSIQSrQ0cXcXQQgc0pvHRj3i865c1UsCmdDD0MQ499pShEKaWGrVSBOOjec22HEsQg==",
        "dependencies": {
          "Microsoft.AspNetCore.Metadata": "11.0.0-rc.1.26425.128",
          "Microsoft.Extensions.Diagnostics": "11.0.0-rc.1.26425.128"
        }
      },
      "Microsoft.AspNetCore.Components": {
        "type": "Transitive",
        "resolved": "11.0.0-rc.1.26425.128",
        "contentHash": "eFZG6WwG7rHfJdp39uC9SerBFCiND3+y9+n8Nm7qAKFIpwm/WmNorkvxXbSjt2IYaJCPKrKaol/NNUUUZCXwlA==",
        "dependencies": {
          "Microsoft.AspNetCore.Authorization": "11.0.0-rc.1.26425.128",
          "Microsoft.AspNetCore.Components.Analyzers": "11.0.0-rc.1.26425.128"
        }
      },
      "Microsoft.AspNetCore.Components.Analyzers": {
        "type": "Transitive",
        "resolved": "11.0.0-rc.1.26425.128",
        "contentHash": "ub8f8MMfoWhOoPlo6H9PNbp4yZ9fm1fe95sMjDMJ8KpxLRpCNXxYTCiQm9riqlxbYVbSDQ3DMXBmoqFzXQB7sg=="
      },
      "Microsoft.AspNetCore.Components.Authorization": {
        "type": "Transitive",
        "resolved": "11.0.0-rc.1.26425.128",
        "contentHash": "7735q+MBHS5+e2zX59wXNLZ+B4z2ld6vw9dRWNBuTVAqKxWdzssTJRvV4Co2YeBo/tUWBpHKEgr6rLodLX13kA==",
        "dependencies": {
          "Microsoft.AspNetCore.Authorization": "11.0.0-rc.1.26425.128",
          "Microsoft.AspNetCore.Components": "11.0.0-rc.1.26425.128"
        }
      },
      "Microsoft.AspNetCore.Components.Forms": {
        "type": "Transitive",
        "resolved": "11.0.0-rc.1.26425.128",
        "contentHash": "b9PfvQhi+EM/QjknU8GRfBd+Sd+7PM6XbSMqLxFnpRKFyTaCn923diCudbZnW1IYpM27AXvwEi+4t2v98e8wdg==",
        "dependencies": {
          "Microsoft.AspNetCore.Components": "11.0.0-rc.1.26425.128",
          "Microsoft.Extensions.Validation": "11.0.0-rc.1.26425.128"
        }
      },
      "Microsoft.AspNetCore.Components.Web": {
        "type": "Transitive",
        "resolved": "11.0.0-rc.1.26425.128",
        "contentHash": "DPU74ckRAjS0W2KKj70EhYh2l/As5QbvAd+sXB1PVodaPPyl9G7pE4S+EXIpB3+UNLoq7jvaoV8RK+DeEc38jA==",
        "dependencies": {
          "Microsoft.AspNetCore.Components": "11.0.0-rc.1.26425.128",
          "Microsoft.AspNetCore.Components.Forms": "11.0.0-rc.1.26425.128",
          "Microsoft.Extensions.DependencyInjection": "11.0.0-rc.1.26425.128",
          "Microsoft.JSInterop": "11.0.0-rc.1.26425.128"
        }
      },
      "Microsoft.AspNetCore.Components.WebAssembly": {
        "type": "Transitive",
        "resolved": "11.0.0-rc.1.26425.128",
        "contentHash": "eU2GGZ6Q0QFmZj1V0eEuCfkwyl5F5nQ48EwAiC+qYnsUznLu72HgumZTDaUngyQgrIns/M1MrROpmULd2eAD7g==",
        "dependencies": {
          "Microsoft.AspNetCore.Components.Web": "11.0.0-rc.1.26425.128",
          "Microsoft.Extensions.Configuration.Binder": "11.0.0-rc.1.26425.128",
          "Microsoft.Extensions.Configuration.EnvironmentVariables": "11.0.0-rc.1.26425.128",
          "Microsoft.Extensions.Configuration.Json": "11.0.0-rc.1.26425.128",
          "Microsoft.Extensions.Diagnostics": "11.0.0-rc.1.26425.128",
          "Microsoft.Extensions.Logging": "11.0.0-rc.1.26425.128",
          "Microsoft.JSInterop.WebAssembly": "11.0.0-rc.1.26425.128"
        }
      },
      "Microsoft.AspNetCore.Components.WebAssembly.Authentication": {
        "type": "Transitive",
        "resolved": "11.0.0-rc.1.26425.128",
        "contentHash": "9bp36cU/9b0MbAJ6hJ6T9ZiELip9x7H1k2Lj03kcwtVSCAHTP/R0aaO99bcLLR07wjMNt/KOY67GY0hcfPrbCw==",
        "dependencies": {
          "Microsoft.AspNetCore.Components.Authorization": "11.0.0-rc.1.26425.128",
          "Microsoft.AspNetCore.Components.Web": "11.0.0-rc.1.26425.128"
        }
      },
      "Microsoft.AspNetCore.Connections.Abstractions": {
        "type": "Transitive",
        "resolved": "10.0.12",
        "contentHash": "pP5CXSG//gboXUGrgRrrfWxEWJQ1DJLbTo5BulmPp+GaiWf/KbjCCujWlkh7rPTBSWAP+5s4KXti3JAF5akdxA==",
        "dependencies": {
          "Microsoft.Extensions.Features": "10.0.12"
        }
      },
      "Microsoft.AspNetCore.Http.Connections.Client": {
        "type": "Transitive",
        "resolved": "10.0.12",
        "contentHash": "HEO648tD8OyX6aUNQwJSl1eKQk5eQChuHTqpybv2ep7/518/M27yeDDFxAh2M/LW+22tbbooao6raNEHm7lBhA==",
        "dependencies": {
          "Microsoft.AspNetCore.Http.Connections.Common": "10.0.12"
        }
      },
      "Microsoft.AspNetCore.Http.Connections.Common": {
        "type": "Transitive",
        "resolved": "10.0.12",
        "contentHash": "EyxNhHve9DXcRgbVGFdx14738QULLUREvDLHS/q9m28bwrBMMeZRnwNQcszowCuHt2cgKnYDwJwUaAJgByiigQ==",
        "dependencies": {
          "Microsoft.AspNetCore.Connections.Abstractions": "10.0.12"
        }
      },
      "Microsoft.AspNetCore.Metadata": {
        "type": "Transitive",
        "resolved": "11.0.0-rc.1.26425.128",
        "contentHash": "WaXd7xvRDuXxrGQZRQFNkWNPcfBvd5O5v7PxDDNii1JgLmlrvhBJBl0JLWcP8fPQ9pyv4cVXYDpC1+7HFnelSw=="
      },
      "Microsoft.AspNetCore.SignalR.Client": {
        "type": "Transitive",
        "resolved": "10.0.12",
        "contentHash": "p5EFZrp20HlS1MbYkreyhHy4nXeq/LrXVLWbQLBuAz2eFCdSnKfoNVlxZYbFoEjzJxa68CYdEFe9ObCaYTUP8Q==",
        "dependencies": {
          "Microsoft.AspNetCore.Http.Connections.Client": "10.0.12",
          "Microsoft.AspNetCore.SignalR.Client.Core": "10.0.12"
        }
      },
      "Microsoft.AspNetCore.SignalR.Client.Core": {
        "type": "Transitive",
        "resolved": "10.0.12",
        "contentHash": "+kCyWCOvZteBkqfbpmoi+ejIR1XVJOY4ydDNYrYt1WdXv/ruJS4WjDfCizGZ5lvn/OmRdMuVdh8opopbNveQcw==",
        "dependencies": {
          "Microsoft.AspNetCore.SignalR.Common": "10.0.12",
          "Microsoft.AspNetCore.SignalR.Protocols.Json": "10.0.12",
          "Microsoft.Extensions.DependencyInjection": "10.0.12",
          "Microsoft.Extensions.Logging": "10.0.12"
        }
      },
      "Microsoft.AspNetCore.SignalR.Common": {
        "type": "Transitive",
        "resolved": "10.0.12",
        "contentHash": "7DDVLxtjLtBBfle9RxZhiYc0PTSD4rc0SV4FZiT3Tdz6NxlrcnPqcGWME9Mc0PtbQ+X5GSgyPeyjGfA/tSfG8A==",
        "dependencies": {
          "Microsoft.AspNetCore.Connections.Abstractions": "10.0.12"
        }
      },
      "Microsoft.AspNetCore.SignalR.Protocols.Json": {
        "type": "Transitive",
        "resolved": "10.0.12",
        "contentHash": "NVG8jfnuS850Cu4axdURINdArwKn/N+OyaA6A8/ERyWdflMMLFF25ZSEzAMnMD81rwNaPTVngTq0fE2xbuRwLQ==",
        "dependencies": {
          "Microsoft.AspNetCore.SignalR.Common": "10.0.12"
        }
      },
      "Microsoft.CodeCoverage": {
        "type": "Transitive",
        "resolved": "17.14.1",
        "contentHash": "pmTrhfFIoplzFVbhVwUquT+77CbGH+h4/3mBpdmIlYtBi9nAB+kKI6dN3A/nV4DFi3wLLx/BlHIPK+MkbQ6Tpg=="
      },
      "Microsoft.Extensions.Caching.Memory": {
        "type": "Transitive",
        "resolved": "11.0.0-rc.1.26425.128",
        "contentHash": "vm0cIPeFy1TZWcr7xLY/aqvZmXZ63GvAuieN0Fec1Fz+P/vi1sPFdRTJEbJ/NrOP+DduYE/1Ba7Wv0V01g1hdQ=="
      },
      "Microsoft.Extensions.Configuration": {
        "type": "Transitive",
        "resolved": "11.0.0-rc.1.26425.128",
        "contentHash": "67EIKOU5pzuMcTHoezn/hmv1hyMcxpiSIlVL9oT6Uc3bcErYhkTBuZCuVqHuNjJBm0nqmpJb1v644M/NV7Q0Vw=="
      },
      "Microsoft.Extensions.Configuration.Binder": {
        "type": "Transitive",
        "resolved": "11.0.0-rc.1.26425.128",
        "contentHash": "1AI7GybRhwcPmOgi275FOlxDP3PL/pspE1R4itBxLgQ771sRy0LhYi4usSYNvixnocxcPp0aZqJ27CyYdM9Aaw==",
        "dependencies": {
          "Microsoft.Extensions.Configuration": "11.0.0-rc.1.26425.128"
        }
      },
      "Microsoft.Extensions.Configuration.EnvironmentVariables": {
        "type": "Transitive",
        "resolved": "11.0.0-rc.1.26425.128",
        "contentHash": "pjr9im93UDwrnq4MYr2yKJJxcjk5KJLRdeuvC0S0/K5dttUBUn8YfLX64NRaIruF+wTOcuJ86WS2WvmwzAswcA==",
        "dependencies": {
          "Microsoft.Extensions.Configuration": "11.0.0-rc.1.26425.128"
        }
      },
      "Microsoft.Extensions.Configuration.FileExtensions": {
        "type": "Transitive",
        "resolved": "11.0.0-rc.1.26425.128",
        "contentHash": "TL/JWfhVSpWQ20MU0qyc8b+msicxWQ1mCgksMEozZm6+lB3XvojKPsXF25QIHzTA5qwL+m6gEOcl6c6UG1NW0Q==",
        "dependencies": {
          "Microsoft.Extensions.Configuration": "11.0.0-rc.1.26425.128",
          "Microsoft.Extensions.FileProviders.Physical": "11.0.0-rc.1.26425.128"
        }
      },
      "Microsoft.Extensions.Configuration.Json": {
        "type": "Transitive",
        "resolved": "11.0.0-rc.1.26425.128",
        "contentHash": "miSqJU+LJExUlMWIaz6aoJ7T44yctRxk7+/GCgEWyUEzwXr2nY7ouh6tJeu+gnhPPqQgMyF/+KWO973+oHe2/g==",
        "dependencies": {
          "Microsoft.Extensions.Configuration": "11.0.0-rc.1.26425.128",
          "Microsoft.Extensions.Configuration.FileExtensions": "11.0.0-rc.1.26425.128"
        }
      },
      "Microsoft.Extensions.DependencyInjection": {
        "type": "Transitive",
        "resolved": "11.0.0-rc.1.26425.128",
        "contentHash": "r9VvtUpwM0MZ21DaTQWDqmsm6ABmuuXA/4aqa9LJVZET0HGlIG0Z5eN2esarFAQW2xtgGFyIYcnWs5uxUUizgg=="
      },
      "Microsoft.Extensions.Diagnostics": {
        "type": "Transitive",
        "resolved": "11.0.0-rc.1.26425.128",
        "contentHash": "4O8+S1awKr1nwX0KboSyMszc1TGlxI1rSZsuFfvoByNnvlOj2C0Zg0/DUTFaBTpKAMCGvBZomDbY3uOtUvhvTw==",
        "dependencies": {
          "Microsoft.Extensions.Configuration": "11.0.0-rc.1.26425.128",
          "Microsoft.Extensions.Options.ConfigurationExtensions": "11.0.0-rc.1.26425.128"
        }
      },
      "Microsoft.Extensions.Features": {
        "type": "Transitive",
        "resolved": "10.0.12",
        "contentHash": "GaHsj8gISJ4BtRI4iK4meCil+LAYmv3NWuPKg6d29sw9cNsEN+1N8UMQXA/JhUXdrGTy16+B+YtjY3bco/8jMA=="
      },
      "Microsoft.Extensions.FileProviders.Physical": {
        "type": "Transitive",
        "resolved": "11.0.0-rc.1.26425.128",
        "contentHash": "Pd0sz0cuM5sS4bMiD31G6Uv+PStLZOYEahGLq9pFMg7s4Spg/oPQQTV5nr4BqweXOsQtHF8hEhlnZqPZOBAvtw==",
        "dependencies": {
          "Microsoft.Extensions.FileSystemGlobbing": "11.0.0-rc.1.26425.128"
        }
      },
      "Microsoft.Extensions.FileSystemGlobbing": {
        "type": "Transitive",
        "resolved": "11.0.0-rc.1.26425.128",
        "contentHash": "uW8Q1sSMS2vnS8mhPdVTkbz5b0S5OEFMV8T7nS0bgz1ubQ/Bl7P2l/fmM8ZScqxNKqjZdNvRQaNgac6YA0HnUw=="
      },
      "Microsoft.Extensions.Localization.Abstractions": {
        "type": "Transitive",
        "resolved": "11.0.0-rc.1.26425.128",
        "contentHash": "HqlwIvc+4nduvwp1Zfecta0DYAbDGaMX5g+rUbD8yBGsWQBgfM3pJZUz03BUNb0jsbVn9m61yPPxnDdDuzN2AA=="
      },
      "Microsoft.Extensions.Logging": {
        "type": "Transitive",
        "resolved": "11.0.0-rc.1.26425.128",
        "contentHash": "SxnI3xH/jZ11sRY5l1DqaqH4z7tyEqAa0ehQ6xsBGenst1mFy91iGWGZfUA0MnyPxQCdjmAlvPmuCvLsrv/ufw==",
        "dependencies": {
          "Microsoft.Extensions.DependencyInjection": "11.0.0-rc.1.26425.128"
        }
      },
      "Microsoft.Extensions.Options.ConfigurationExtensions": {
        "type": "Transitive",
        "resolved": "11.0.0-rc.1.26425.128",
        "contentHash": "z3K4AJwVQeNAHUfU4DSvs3Yvnzak7vbbD/rtcU4eKMxCKmmw3PA3sTefMTUUcIrePEhpIEODGtiOGJ00b/dNzg==",
        "dependencies": {
          "Microsoft.Extensions.Configuration.Binder": "11.0.0-rc.1.26425.128"
        }
      },
      "Microsoft.Extensions.Validation": {
        "type": "Transitive",
        "resolved": "11.0.0-rc.1.26425.128",
        "contentHash": "oHMCZz6vD3a6SfRnKEo1ftQfWJ7OFn0PdT7gLZ10+d/XQ1RgE8hrpfdfL2F7BxCoO5MzbH08LdCHnFHBSFbMnA==",
        "dependencies": {
          "Microsoft.Extensions.Localization.Abstractions": "11.0.0-rc.1.26425.128"
        }
      },
      "Microsoft.JSInterop": {
        "type": "Transitive",
        "resolved": "11.0.0-rc.1.26425.128",
        "contentHash": "W9eq1a1pEEaSx5msYyU+7z650Lhe4AuKGkvNYl9OOXn9nzlksULlF9FfAbhES7HgVLh9nVm1m7fq4I28DTQ7iw=="
      },
      "Microsoft.JSInterop.WebAssembly": {
        "type": "Transitive",
        "resolved": "11.0.0-rc.1.26425.128",
        "contentHash": "o7hPakWCWr03aEPrL2HshJSi5nbPtVMKcLvbQ8FowAeyWjbr+fOjJcFSxMIh2hqhUHdmRmBeFqJ938uu0BGozg==",
        "dependencies": {
          "Microsoft.JSInterop": "11.0.0-rc.1.26425.128"
        }
      },
      "Microsoft.TestPlatform.ObjectModel": {
        "type": "Transitive",
        "resolved": "17.14.1",
        "contentHash": "xTP1W6Mi6SWmuxd3a+jj9G9UoC850WGwZUps1Wah9r1ZxgXhdJfj1QqDLJkFjHDCvN42qDL2Ps5KjQYWUU0zcQ=="
      },
      "Microsoft.TestPlatform.TestHost": {
        "type": "Transitive",
        "resolved": "17.14.1",
        "contentHash": "d78LPzGKkJwsJXAQwsbJJ7LE7D1wB+rAyhHHAaODF+RDSQ0NgMjDFkSA1Djw18VrxO76GlKAjRUhl+H8NL8Z+Q==",
        "dependencies": {
          "Microsoft.TestPlatform.ObjectModel": "17.14.1",
          "Newtonsoft.Json": "13.0.3"
        }
      },
      "Newtonsoft.Json": {
        "type": "Transitive",
        "resolved": "13.0.3",
        "contentHash": "HrC5BXdl00IP9zeV+0Z848QWPAoCr9P3bDEZguI+gkLcBKAOxix/tLEAAHC+UvDNPv4a2d18lOReHMOagPa+zQ=="
      },
      "Tomlyn": {
        "type": "Transitive",
        "resolved": "2.3.0",
        "contentHash": "kA3P/rsBD4HUio0Q67GUgYuWdfoV273HhQJmIRfJymKiZKEi1+xgjXTRW0OtcdEJqL4vTzDvKxbOMYR4tjBCPw=="
      },
      "Tomlyn.Extensions.Configuration": {
        "type": "Transitive",
        "resolved": "2.0.0",
        "contentHash": "j2tkaXy3yfsMUd3fwg5qEKTwmwUsxcI5NSoBGGgOvrEC6M72FJnta0yuah9M72xj1wNT3scI0oUQAIkDWXeSsQ==",
        "dependencies": {
          "Microsoft.Extensions.Configuration.FileExtensions": "10.0.6",
          "Tomlyn": "2.3.0"
        }
      },
      "xunit.abstractions": {
        "type": "Transitive",
        "resolved": "2.0.3",
        "contentHash": "pot1I4YOxlWjIb5jmwvvQNbTrZ3lJQ+jUGkGjWE3hEFM0l5gOnBWS+H3qsex68s5cO52g+44vpGzhAt+42vwKg=="
      },
      "xunit.analyzers": {
        "type": "Transitive",
        "resolved": "1.18.0",
        "contentHash": "OtFMHN8yqIcYP9wcVIgJrq01AfTxijjAqVDy/WeQVSyrDC1RzBWeQPztL49DN2syXRah8TYnfvk035s7L95EZQ=="
      },
      "xunit.assert": {
        "type": "Transitive",
        "resolved": "2.9.3",
        "contentHash": "/Kq28fCE7MjOV42YLVRAJzRF0WmEqsmflm0cfpMjGtzQ2lR5mYVj1/i0Y8uDAOLczkL3/jArrwehfMD0YogMAA=="
      },
      "xunit.core": {
        "type": "Transitive",
        "resolved": "2.9.3",
        "contentHash": "BiAEvqGvyme19wE0wTKdADH+NloYqikiU0mcnmiNyXaF9HyHmE6sr/3DC5vnBkgsWaE6yPyWszKSPSApWdRVeQ==",
        "dependencies": {
          "xunit.extensibility.core": "[2.9.3]",
          "xunit.extensibility.execution": "[2.9.3]"
        }
      },
      "xunit.extensibility.core": {
        "type": "Transitive",
        "resolved": "2.9.3",
        "contentHash": "kf3si0YTn2a8J8eZNb+zFpwfoyvIrQ7ivNk5ZYA5yuYk1bEtMe4DxJ2CF/qsRgmEnDr7MnW1mxylBaHTZ4qErA==",
        "dependencies": {
          "xunit.abstractions": "2.0.3"
        }
      },
      "xunit.extensibility.execution": {
        "type": "Transitive",
        "resolved": "2.9.3",
        "contentHash": "yMb6vMESlSrE3Wfj7V6cjQ3S4TXdXpRqYeNEI3zsX31uTsGMJjEw6oD5F5u1cHnMptjhEECnmZSsPxB6ChZHDQ==",
        "dependencies": {
          "xunit.extensibility.core": "[2.9.3]"
        }
      },
      "xmip.abi": {
        "type": "Project"
      },
      "xmip.gui": {
        "type": "Project",
        "dependencies": {
          "Microsoft.AspNetCore.Components.Web": "[11.0.0-preview.7.*, )",
          "Xmip.Surface": "[1.0.0, )"
        }
      },
      "xmip.surface": {
        "type": "Project",
        "dependencies": {
          "Microsoft.AspNetCore.SignalR.Client": "[10.0.12, )",
          "Microsoft.Extensions.Configuration": "[10.0.6, )",
          "Tomlyn.Extensions.Configuration": "[2.0.0, )",
          "Xmip.Abi": "[1.0.0, )"
        }
      }
    }
  }
}